// !$*UTF8*$!
{
	archiveVersion = 1;
	classes = {
	};
	objectVersion = 50;
	objects = {

/* Begin PBXBuildFile section */
		BC16CFAE2146E8D900656622 /* ASChatCollectionViewCell.swift in Sources */ = {isa = PBXBuildFile; fileRef = BC16CFAC2146E8D900656622 /* ASChatCollectionViewCell.swift */; };
		BC16CFAF2146E8D900656622 /* ASChatCollectionViewCell.xib in Resources */ = {isa = PBXBuildFile; fileRef = BC16CFAD2146E8D900656622 /* ASChatCollectionViewCell.xib */; };
		BC41F63C2146DF6C007AA154 /* AppDelegate.swift in Sources */ = {isa = PBXBuildFile; fileRef = BC41F63B2146DF6C007AA154 /* AppDelegate.swift */; };
		BC41F6412146DF6C007AA154 /* Main.storyboard in Resources */ = {isa = PBXBuildFile; fileRef = BC41F63F2146DF6C007AA154 /* Main.storyboard */; };
		BC41F6432146DF70007AA154 /* Assets.xcassets in Resources */ = {isa = PBXBuildFile; fileRef = BC41F6422146DF70007AA154 /* Assets.xcassets */; };
		BC41F6462146DF70007AA154 /* LaunchScreen.storyboard in Resources */ = {isa = PBXBuildFile; fileRef = BC41F6442146DF70007AA154 /* LaunchScreen.storyboard */; };
		BC41F64E2146DFD3007AA154 /* ASBotChatViewController.swift in Sources */ = {isa = PBXBuildFile; fileRef = BC41F64D2146DFD3007AA154 /* ASBotChatViewController.swift */; };
/* End PBXBuildFile section */

/* Begin PBXFileReference section */
		BC16CFAC2146E8D900656622 /* ASChatCollectionViewCell.swift */ = {isa = PBXFileReference; lastKnownFileType = sourcecode.swift; path = ASChatCollectionViewCell.swift; sourceTree = "<group>"; };
		BC16CFAD2146E8D900656622 /* ASChatCollectionViewCell.xib */ = {isa = PBXFileReference; lastKnownFileType = file.xib; path = ASChatCollectionViewCell.xib; sourceTree = "<group>"; };
		BC41F6382146DF6C007AA154 /* BotUI.app */ = {isa = PBXFileReference; explicitFileType = wrapper.application; includeInIndex = 0; path = BotUI.app; sourceTree = BUILT_PRODUCTS_DIR; };
		BC41F63B2146DF6C007AA154 /* AppDelegate.swift */ = {isa = PBXFileReference; lastKnownFileType = sourcecode.swift; path = AppDelegate.swift; sourceTree = "<group>"; };
		BC41F6402146DF6C007AA154 /* Base */ = {isa = PBXFileReference; lastKnownFileType = file.storyboard; name = Base; path = Base.lproj/Main.storyboard; sourceTree = "<group>"; };
		BC41F6422146DF70007AA154 /* Assets.xcassets */ = {isa = PBXFileReference; lastKnownFileType = folder.assetcatalog; path = Assets.xcassets; sourceTree = "<group>"; };
		BC41F6452146DF70007AA154 /* Base */ = {isa = PBXFileReference; lastKnownFileType = file.storyboard; name = Base; path = Base.lproj/LaunchScreen.storyboard; sourceTree = "<group>"; };
		BC41F6472146DF70007AA154 /* Info.plist */ = {isa = PBXFileReference; lastKnownFileType = text.plist.xml; path = Info.plist; sourceTree = "<group>"; };
		BC41F64D2146DFD3007AA154 /* ASBotChatViewController.swift */ = {isa = PBXFileReference; lastKnownFileType = sourcecode.swift; path = ASBotChatViewController.swift; sourceTree = "<group>"; };
/* End PBXFileReference section */

/* Begin PBXFrameworksBuildPhase section */
		BC41F6352146DF6C007AA154 /* Frameworks */ = {
			isa = PBXFrameworksBuildPhase;
			buildActionMask = 2147483647;
			files = (
			);
			runOnlyForDeploymentPostprocessing = 0;
		};
/* End PBXFrameworksBuildPhase section */

/* Begin PBXGroup section */
		BC16CFAA2146E89B00656622 /* Views */ = {
			isa = PBXGroup;
			children = (
				BC16CFAB2146E8AE00656622 /* Chat */,
			);
			path = Views;
			sourceTree = "<group>";
		};
		BC16CFAB2146E8AE00656622 /* Chat */ = {
			isa = PBXGroup;
			children = (
				BC16CFAC2146E8D900656622 /* ASChatCollectionViewCell.swift */,
				BC16CFAD2146E8D900656622 /* ASChatCollectionViewCell.xib */,
			);
			path = Chat;
			sourceTree = "<group>";
		};
		BC41F62F2146DF6C007AA154 = {
			isa = PBXGroup;
			children = (
				BC41F63A2146DF6C007AA154 /* BotUI */,
				BC41F6392146DF6C007AA154 /* Products */,
			);
			sourceTree = "<group>";
		};
		BC41F6392146DF6C007AA154 /* Products */ = {
			isa = PBXGroup;
			children = (
				BC41F6382146DF6C007AA154 /* BotUI.app */,
			);
			name = Products;
			sourceTree = "<group>";
		};
		BC41F63A2146DF6C007AA154 /* BotUI */ = {
			isa = PBXGroup;
			children = (
				BC41F63B2146DF6C007AA154 /* AppDelegate.swift */,
				BC16CFAA2146E89B00656622 /* Views */,
				BC41F64D2146DFD3007AA154 /* ASBotChatViewController.swift */,
				BC41F63F2146DF6C007AA154 /* Main.storyboard */,
				BC41F6422146DF70007AA154 /* Assets.xcassets */,
				BC41F6442146DF70007AA154 /* LaunchScreen.storyboard */,
				BC41F6472146DF70007AA154 /* Info.plist */,
			);
			path = BotUI;
			sourceTree = "<group>";
		};
/* End PBXGroup section */

/* Begin PBXNativeTarget section */
		BC41F6372146DF6C007AA154 /* BotUI */ = {
			isa = PBXNativeTarget;
			buildConfigurationList = BC41F64A2146DF70007AA154 /* Build configuration list for PBXNativeTarget "BotUI" */;
			buildPhases = (
				BC41F6342146DF6C007AA154 /* Sources */,
				BC41F6352146DF6C007AA154 /* Frameworks */,
				BC41F6362146DF6C007AA154 /* Resources */,
			);
			buildRules = (
			);
			dependencies = (
			);
			name = BotUI;
			productName = BotUI;
			productReference = BC41F6382146DF6C007AA154 /* BotUI.app */;
			productType = "com.apple.product-type.application";
		};
/* End PBXNativeTarget section */

/* Begin PBXProject section */
		BC41F6302146DF6C007AA154 /* Project object */ = {
			isa = PBXProject;
			attributes = {
				CLASSPREFIX = AS;
				LastSwiftUpdateCheck = 0940;
				LastUpgradeCheck = 0940;
				ORGANIZATIONNAME = Ankit;
				TargetAttributes = {
					BC41F6372146DF6C007AA154 = {
						CreatedOnToolsVersion = 9.4.1;
					};
				};
			};
			buildConfigurationList = BC41F6332146DF6C007AA154 /* Build configuration list for PBXProject "BotUI" */;
			compatibilityVersion = "Xcode 9.3";
			developmentRegion = en;
			hasScannedForEncodings = 0;
			knownRegions = (
				en,
				Base,
			);
			mainGroup = BC41F62F2146DF6C007AA154;
			productRefGroup = BC41F6392146DF6C007AA154 /* Products */;
			projectDirPath = "";
			projectRoot = "";
			targets = (
				BC41F6372146DF6C007AA154 /* BotUI */,
			);
		};
/* End PBXProject section */

/* Begin PBXResourcesBuildPhase section */
		BC41F6362146DF6C007AA154 /* Resources */ = {
			isa = PBXResourcesBuildPhase;
			buildActionMask = 2147483647;
			files = (
				BC16CFAF2146E8D900656622 /* ASChatCollectionViewCell.xib in Resources */,
				BC41F6462146DF70007AA154 /* LaunchScreen.storyboard in Resources */,
				BC41F6432146DF70007AA154 /* Assets.xcassets in Resources */,
				BC41F6412146DF6C007AA154 /* Main.storyboard in Resources */,
			);
			runOnlyForDeploymentPostprocessing = 0;
		};
/* End PBXResourcesBuildPhase section */

/* Begin PBXSourcesBuildPhase section */
		BC41F6342146DF6C007AA154 /* Sources */ = {
			isa = PBXSourcesBuildPhase;
			buildActionMask = 2147483647;
			files = (
				BC16CFAE2146E8D900656622 /* ASChatCollectionViewCell.swift in Sources */,
				BC41F64E2146DFD3007AA154 /* ASBotChatViewController.swift in Sources */,
				BC41F63C2146DF6C007AA154 /* AppDelegate.swift in Sources */,
			);
			runOnlyForDeploymentPostprocessing = 0;
		};
/* End PBXSourcesBuildPhase section */

/* Begin PBXVariantGroup section */
		BC41F63F2146DF6C007AA154 /* Main.storyboard */ = {
			isa = PBXVariantGroup;
			children = (
				BC41F6402146DF6C007AA154 /* Base */,
			);
			name = Main.storyboard;
			sourceTree = "<group>";
		};
		BC41F6442146DF70007AA154 /* LaunchScreen.storyboard */ = {
			isa = PBXVariantGroup;
			children = (
				BC41F6452146DF70007AA154 /* Base */,
			);
			name = LaunchScreen.storyboard;
			sourceTree = "<group>";
		};
/* End PBXVariantGroup section */

/* Begin XCBuildConfiguration section */
		BC41F6482146DF70007AA154 /* Debug */ = {
			isa = XCBuildConfiguration;
			buildSettings = {
				ALWAYS_SEARCH_USER_PATHS = NO;
				CLANG_ANALYZER_NONNULL = YES;
				CLANG_ANALYZER_NUMBER_OBJECT_CONVERSION = YES_AGGRESSIVE;
				CLANG_CXX_LANGUAGE_STANDARD = "gnu++14";
				CLANG_CXX_LIBRARY = "libc++";
				CLANG_ENABLE_MODULES = YES;
				CLANG_ENABLE_OBJC_ARC = YES;
				CLANG_ENABLE_OBJC_WEAK = YES;
				CLANG_WARN_BLOCK_CAPTURE_AUTORELEASING = YES;
				CLANG_WARN_BOOL_CONVERSION = YES;
				CLANG_WARN_COMMA = YES;
				CLANG_WARN_CONSTANT_CONVERSION = YES;
				CLANG_WARN_DEPRECATED_OBJC_IMPLEMENTATIONS = YES;
				CLANG_WARN_DIRECT_OBJC_ISA_USAGE = YES_ERROR;
				CLANG_WARN_DOCUMENTATION_COMMENTS = YES;
				CLANG_WARN_EMPTY_BODY = YES;
				CLANG_WARN_ENUM_CONVERSION = YES;
				CLANG_WARN_INFINITE_RECURSION = YES;
				CLANG_WARN_INT_CONVERSION = YES;
				CLANG_WARN_NON_LITERAL_NULL_CONVERSION = YES;
				CLANG_WARN_OBJC_IMPLICIT_RETAIN_SELF = YES;
				CLANG_WARN_OBJC_LITERAL_CONVERSION = YES;
				CLANG_WARN_OBJC_ROOT_CLASS = YES_ERROR;
				CLANG_WARN_RANGE_LOOP_ANALYSIS = YES;
				CLANG_WARN_STRICT_PROTOTYPES = YES;
				CLANG_WARN_SUSPICIOUS_MOVE = YES;
				CLANG_WARN_UNGUARDED_AVAILABILITY = YES_AGGRESSIVE;
				CLANG_WARN_UNREACHABLE_CODE = YES;
				CLANG_WARN__DUPLICATE_METHOD_MATCH = YES;
				CODE_SIGN_IDENTITY = "iPhone Developer";
				COPY_PHASE_STRIP = NO;
				DEBUG_INFORMATION_FORMAT = dwarf;
				ENABLE_STRICT_OBJC_MSGSEND = YES;
				ENABLE_TESTABILITY = YES;
				GCC_C_LANGUAGE_STANDARD = gnu11;
				GCC_DYNAMIC_NO_PIC = NO;
				GCC_NO_COMMON_BLOCKS = YES;
				GCC_OPTIMIZATION_LEVEL = 0;
				GCC_PREPROCESSOR_DEFINITIONS = (
					"DEBUG=1",
					"$(inherited)",
				);
				GCC_WARN_64_TO_32_BIT_CONVERSION = YES;
				GCC_WARN_ABOUT_RETURN_TYPE = YES_ERROR;
				GCC_WARN_UNDECLARED_SELECTOR = YES;
				GCC_WARN_UNINITIALIZED_AUTOS = YES_AGGRESSIVE;
				GCC_WARN_UNUSED_FUNCTION = YES;
				GCC_WARN_UNUSED_VARIABLE = YES;
				IPHONEOS_DEPLOYMENT_TARGET = 11.4;
				MTL_ENABLE_DEBUG_INFO = YES;
				ONLY_ACTIVE_ARCH = YES;
				SDKROOT = iphoneos;
				SWIFT_ACTIVE_COMPILATION_CONDITIONS = DEBUG;
				SWIFT_OPTIMIZATION_LEVEL = "-Onone";
			};
			name = Debug;
		};
		BC41F6492146DF70007AA154 /* Release */ = {
			isa = XCBuildConfiguration;
			buildSettings = {
				ALWAYS_SEARCH_USER_PATHS = NO;
				CLANG_ANALYZER_NONNULL = YES;
				CLANG_ANALYZER_NUMBER_OBJECT_CONVERSION = YES_AGGRESSIVE;
				CLANG_CXX_LANGUAGE_STANDARD = "gnu++14";
				CLANG_CXX_LIBRARY = "libc++";
				CLANG_ENABLE_MODULES = YES;
				CLANG_ENABLE_OBJC_ARC = YES;
				CLANG_ENABLE_OBJC_WEAK = YES;
				CLANG_WARN_BLOCK_CAPTURE_AUTORELEASING = YES;
				CLANG_WARN_BOOL_CONVERSION = YES;
				CLANG_WARN_COMMA = YES;
				CLANG_WARN_CONSTANT_CONVERSION = YES;
				CLANG_WARN_DEPRECATED_OBJC_IMPLEMENTATIONS = YES;
				CLANG_WARN_DIRECT_OBJC_ISA_USAGE = YES_ERROR;
				CLANG_WARN_DOCUMENTATION_COMMENTS = YES;
				CLANG_WARN_EMPTY_BODY = YES;
				CLANG_WARN_ENUM_CONVERSION = YES;
				CLANG_WARN_INFINITE_RECURSION = YES;
				CLANG_WARN_INT_CONVERSION = YES;
				CLANG_WARN_NON_LITERAL_NULL_CONVERSION = YES;
				CLANG_WARN_OBJC_IMPLICIT_RETAIN_SELF = YES;
				CLANG_WARN_OBJC_LITERAL_CONVERSION = YES;
				CLANG_WARN_OBJC_ROOT_CLASS = YES_ERROR;
				CLANG_WARN_RANGE_LOOP_ANALYSIS = YES;
				CLANG_WARN_STRICT_PROTOTYPES = YES;
				CLANG_WARN_SUSPICIOUS_MOVE = YES;
				CLANG_WARN_UNGUARDED_AVAILABILITY = YES_AGGRESSIVE;
				CLANG_WARN_UNREACHABLE_CODE = YES;
				CLANG_WARN__DUPLICATE_METHOD_MATCH = YES;
				CODE_SIGN_IDENTITY = "iPhone Developer";
				COPY_PHASE_STRIP = NO;
				DEBUG_INFORMATION_FORMAT = "dwarf-with-dsym";
				ENABLE_NS_ASSERTIONS = NO;
				ENABLE_STRICT_OBJC_MSGSEND = YES;
				GCC_C_LANGUAGE_STANDARD = gnu11;
				GCC_NO_COMMON_BLOCKS = YES;
				GCC_WARN_64_TO_32_BIT_CONVERSION = YES;
				GCC_WARN_ABOUT_RETURN_TYPE = YES_ERROR;
				GCC_WARN_UNDECLARED_SELECTOR = YES;
				GCC_WARN_UNINITIALIZED_AUTOS = YES_AGGRESSIVE;
				GCC_WARN_UNUSED_FUNCTION = YES;
				GCC_WARN_UNUSED_VARIABLE = YES;
				IPHONEOS_DEPLOYMENT_TARGET = 11.4;
				MTL_ENABLE_DEBUG_INFO = NO;
				SDKROOT = iphoneos;
				SWIFT_COMPILATION_MODE = wholemodule;
				SWIFT_OPTIMIZATION_LEVEL = "-O";
				VALIDATE_PRODUCT = YES;
			};
			name = Release;
		};
		BC41F64B2146DF70007AA154 /* Debug */ = {
			isa = XCBuildConfiguration;
			buildSettings = {
				ASSETCATALOG_COMPILER_APPICON_NAME = AppIcon;
				CODE_SIGN_STYLE = Manual;
				DEVELOPMENT_TEAM = "";
				INFOPLIST_FILE = BotUI/Info.plist;
				LD_RUNPATH_SEARCH_PATHS = (
					"$(inherited)",
					"@executable_path/Frameworks",
				);
				PRODUCT_BUNDLE_IDENTIFIER = com.botui.botui.BotUI;
				PRODUCT_NAME = "$(TARGET_NAME)";
				PROVISIONING_PROFILE_SPECIFIER = "";
				SWIFT_VERSION = 4.0;
				TARGETED_DEVICE_FAMILY = "1,2";
			};
			name = Debug;
		};
		BC41F64C2146DF70007AA154 /* Release */ = {
			isa = XCBuildConfiguration;
			buildSettings = {
				ASSETCATALOG_COMPILER_APPICON_NAME = AppIcon;
				CODE_SIGN_STYLE = Manual;
				DEVELOPMENT_TEAM = "";
				INFOPLIST_FILE = BotUI/Info.plist;
				LD_RUNPATH_SEARCH_PATHS = (
					"$(inherited)",
					"@executable_path/Frameworks",
				);
				PRODUCT_BUNDLE_IDENTIFIER = com.botui.botui.BotUI;
				PRODUCT_NAME = "$(TARGET_NAME)";
				PROVISIONING_PROFILE_SPECIFIER = "";
				SWIFT_VERSION = 4.0;
				TARGETED_DEVICE_FAMILY = "1,2";
			};
			name = Release;
		};
/* End XCBuildConfiguration section */

/* Begin XCConfigurationList section */
		BC41F6332146DF6C007AA154 /* Build configuration list for PBXProject "BotUI" */ = {
			isa = XCConfigurationList;
			buildConfigurations = (
				BC41F6482146DF70007AA154 /* Debug */,
				BC41F6492146DF70007AA154 /* Release */,
			);
			defaultConfigurationIsVisible = 0;
			defaultConfigurationName = Release;
		};
		BC41F64A2146DF70007AA154 /* Build configuration list for PBXNativeTarget "BotUI" */ = {
			isa = XCConfigurationList;
			buildConfigurations = (
				BC41F64B2146DF70007AA154 /* Debug */,
				BC41F64C2146DF70007AA154 /* Release */,
			);
			defaultConfigurationIsVisible = 0;
			defaultConfigurationName = Release;
		};
/* End XCConfigurationList section */
	};
	rootObject = BC41F6302146DF6C007AA154 /* Project object */;
}
